// !$*UTF8*$!
{
	archiveVersion = 1;
	classes = {
	};
	objectVersion = 51;
	objects = {

/* Begin PBXBuildFile section */
		0AE174B2D4C4B1A436A2799A /* Pods_Marley_Spoon.framework in Frameworks */ = {isa = PBXBuildFile; fileRef = CC22FF32553E493B6E1FAAB7 /* Pods_Marley_Spoon.framework */; };
		13B273B726E4B9FA00F7BBB2 /* AppDelegate.swift in Sources */ = {isa = PBXBuildFile; fileRef = 13B273B626E4B9FA00F7BBB2 /* AppDelegate.swift */; };
		13B273B926E4B9FA00F7BBB2 /* SceneDelegate.swift in Sources */ = {isa = PBXBuildFile; fileRef = 13B273B826E4B9FA00F7BBB2 /* SceneDelegate.swift */; };
		13B273BB26E4B9FA00F7BBB2 /* ViewController.swift in Sources */ = {isa = PBXBuildFile; fileRef = 13B273BA26E4B9FA00F7BBB2 /* ViewController.swift */; };
		13B273BE26E4B9FA00F7BBB2 /* Main.storyboard in Resources */ = {isa = PBXBuildFile; fileRef = 13B273BC26E4B9FA00F7BBB2 /* Main.storyboard */; };
		13B273C026E4B9FC00F7BBB2 /* Assets.xcassets in Resources */ = {isa = PBXBuildFile; fileRef = 13B273BF26E4B9FC00F7BBB2 /* Assets.xcassets */; };
		13B273C326E4B9FC00F7BBB2 /* LaunchScreen.storyboard in Resources */ = {isa = PBXBuildFile; fileRef = 13B273C126E4B9FC00F7BBB2 /* LaunchScreen.storyboard */; };
		13B273CE26E4B9FC00F7BBB2 /* Marley_SpoonTests.swift in Sources */ = {isa = PBXBuildFile; fileRef = 13B273CD26E4B9FC00F7BBB2 /* Marley_SpoonTests.swift */; };
		13B273D926E4B9FD00F7BBB2 /* Marley_SpoonUITests.swift in Sources */ = {isa = PBXBuildFile; fileRef = 13B273D826E4B9FD00F7BBB2 /* Marley_SpoonUITests.swift */; };
		13B273E926E4BC3700F7BBB2 /* Service.swift in Sources */ = {isa = PBXBuildFile; fileRef = 13B273E826E4BC3700F7BBB2 /* Service.swift */; };
		13B273EC26E4C05B00F7BBB2 /* Chef.swift in Sources */ = {isa = PBXBuildFile; fileRef = 13B273EB26E4C05B00F7BBB2 /* Chef.swift */; };
		13B273EE26E4C0AA00F7BBB2 /* Recipe.swift in Sources */ = {isa = PBXBuildFile; fileRef = 13B273ED26E4C0AA00F7BBB2 /* Recipe.swift */; };
		13B273F026E4C0D800F7BBB2 /* Tag.swift in Sources */ = {isa = PBXBuildFile; fileRef = 13B273EF26E4C0D800F7BBB2 /* Tag.swift */; };
/* End PBXBuildFile section */

/* Begin PBXContainerItemProxy section */
		13B273CA26E4B9FC00F7BBB2 /* PBXContainerItemProxy */ = {
			isa = PBXContainerItemProxy;
			containerPortal = 13B273AB26E4B9FA00F7BBB2 /* Project object */;
			proxyType = 1;
			remoteGlobalIDString = 13B273B226E4B9FA00F7BBB2;
			remoteInfo = "Marley Spoon";
		};
		13B273D526E4B9FD00F7BBB2 /* PBXContainerItemProxy */ = {
			isa = PBXContainerItemProxy;
			containerPortal = 13B273AB26E4B9FA00F7BBB2 /* Project object */;
			proxyType = 1;
			remoteGlobalIDString = 13B273B226E4B9FA00F7BBB2;
			remoteInfo = "Marley Spoon";
		};
/* End PBXContainerItemProxy section */

/* Begin PBXFileReference section */
		13B273B326E4B9FA00F7BBB2 /* Marley Spoon.app */ = {isa = PBXFileReference; explicitFileType = wrapper.application; includeInIndex = 0; path = "Marley Spoon.app"; sourceTree = BUILT_PRODUCTS_DIR; };
		13B273B626E4B9FA00F7BBB2 /* AppDelegate.swift */ = {isa = PBXFileReference; lastKnownFileType = sourcecode.swift; path = AppDelegate.swift; sourceTree = "<group>"; };
		13B273B826E4B9FA00F7BBB2 /* SceneDelegate.swift */ = {isa = PBXFileReference; lastKnownFileType = sourcecode.swift; path = SceneDelegate.swift; sourceTree = "<group>"; };
		13B273BA26E4B9FA00F7BBB2 /* ViewController.swift */ = {isa = PBXFileReference; lastKnownFileType = sourcecode.swift; path = ViewController.swift; sourceTree = "<group>"; };
		13B273BD26E4B9FA00F7BBB2 /* Base */ = {isa = PBXFileReference; lastKnownFileType = file.storyboard; name = Base; path = Base.lproj/Main.storyboard; sourceTree = "<group>"; };
		13B273BF26E4B9FC00F7BBB2 /* Assets.xcassets */ = {isa = PBXFileReference; lastKnownFileType = folder.assetcatalog; path = Assets.xcassets; sourceTree = "<group>"; };
		13B273C226E4B9FC00F7BBB2 /* Base */ = {isa = PBXFileReference; lastKnownFileType = file.storyboard; name = Base; path = Base.lproj/LaunchScreen.storyboard; sourceTree = "<group>"; };
		13B273C426E4B9FC00F7BBB2 /* Info.plist */ = {isa = PBXFileReference; lastKnownFileType = text.plist.xml; path = Info.plist; sourceTree = "<group>"; };
		13B273C926E4B9FC00F7BBB2 /* Marley SpoonTests.xctest */ = {isa = PBXFileReference; explicitFileType = wrapper.cfbundle; includeInIndex = 0; path = "Marley SpoonTests.xctest"; sourceTree = BUILT_PRODUCTS_DIR; };
		13B273CD26E4B9FC00F7BBB2 /* Marley_SpoonTests.swift */ = {isa = PBXFileReference; lastKnownFileType = sourcecode.swift; path = Marley_SpoonTests.swift; sourceTree = "<group>"; };
		13B273CF26E4B9FC00F7BBB2 /* Info.plist */ = {isa = PBXFileReference; lastKnownFileType = text.plist.xml; path = Info.plist; sourceTree = "<group>"; };
		13B273D426E4B9FD00F7BBB2 /* Marley SpoonUITests.xctest */ = {isa = PBXFileReference; explicitFileType = wrapper.cfbundle; includeInIndex = 0; path = "Marley SpoonUITests.xctest"; sourceTree = BUILT_PRODUCTS_DIR; };
		13B273D826E4B9FD00F7BBB2 /* Marley_SpoonUITests.swift */ = {isa = PBXFileReference; lastKnownFileType = sourcecode.swift; path = Marley_SpoonUITests.swift; sourceTree = "<group>"; };
		13B273DA26E4B9FD00F7BBB2 /* Info.plist */ = {isa = PBXFileReference; lastKnownFileType = text.plist.xml; path = Info.plist; sourceTree = "<group>"; };
		13B273E826E4BC3700F7BBB2 /* Service.swift */ = {isa = PBXFileReference; lastKnownFileType = sourcecode.swift; path = Service.swift; sourceTree = "<group>"; };
		13B273EB26E4C05B00F7BBB2 /* Chef.swift */ = {isa = PBXFileReference; lastKnownFileType = sourcecode.swift; path = Chef.swift; sourceTree = "<group>"; };
		13B273ED26E4C0AA00F7BBB2 /* Recipe.swift */ = {isa = PBXFileReference; lastKnownFileType = sourcecode.swift; path = Recipe.swift; sourceTree = "<group>"; };
		13B273EF26E4C0D800F7BBB2 /* Tag.swift */ = {isa = PBXFileReference; lastKnownFileType = sourcecode.swift; path = Tag.swift; sourceTree = "<group>"; };
		3F51721F29D486E48E4AD2E6 /* Pods-Marley Spoon.debug.xcconfig */ = {isa = PBXFileReference; includeInIndex = 1; lastKnownFileType = text.xcconfig; name = "Pods-Marley Spoon.debug.xcconfig"; path = "Target Support Files/Pods-Marley Spoon/Pods-Marley Spoon.debug.xcconfig"; sourceTree = "<group>"; };
		553358D1AE00EDF2CBD60764 /* Pods-Marley Spoon.release.xcconfig */ = {isa = PBXFileReference; includeInIndex = 1; lastKnownFileType = text.xcconfig; name = "Pods-Marley Spoon.release.xcconfig"; path = "Target Support Files/Pods-Marley Spoon/Pods-Marley Spoon.release.xcconfig"; sourceTree = "<group>"; };
		CC22FF32553E493B6E1FAAB7 /* Pods_Marley_Spoon.framework */ = {isa = PBXFileReference; explicitFileType = wrapper.framework; includeInIndex = 0; path = Pods_Marley_Spoon.framework; sourceTree = BUILT_PRODUCTS_DIR; };
/* End PBXFileReference section */

/* Begin PBXFrameworksBuildPhase section */
		13B273B026E4B9FA00F7BBB2 /* Frameworks */ = {
			isa = PBXFrameworksBuildPhase;
			buildActionMask = 2147483647;
			files = (
				0AE174B2D4C4B1A436A2799A /* Pods_Marley_Spoon.framework in Frameworks */,
			);
			runOnlyForDeploymentPostprocessing = 0;
		};
		13B273C626E4B9FC00F7BBB2 /* Frameworks */ = {
			isa = PBXFrameworksBuildPhase;
			buildActionMask = 2147483647;
			files = (
			);
			runOnlyForDeploymentPostprocessing = 0;
		};
		13B273D126E4B9FD00F7BBB2 /* Frameworks */ = {
			isa = PBXFrameworksBuildPhase;
			buildActionMask = 2147483647;
			files = (
			);
			runOnlyForDeploymentPostprocessing = 0;
		};
/* End PBXFrameworksBuildPhase section */

/* Begin PBXGroup section */
		0267EBD40CA5E50A36CD3BD9 /* Frameworks */ = {
			isa = PBXGroup;
			children = (
				CC22FF32553E493B6E1FAAB7 /* Pods_Marley_Spoon.framework */,
			);
			name = Frameworks;
			sourceTree = "<group>";
		};
		13B273AA26E4B9FA00F7BBB2 = {
			isa = PBXGroup;
			children = (
				13B273B526E4B9FA00F7BBB2 /* Marley Spoon */,
				13B273CC26E4B9FC00F7BBB2 /* Marley SpoonTests */,
				13B273D726E4B9FD00F7BBB2 /* Marley SpoonUITests */,
				13B273B426E4B9FA00F7BBB2 /* Products */,
				4F30BB8412B54762D7AF181B /* Pods */,
				0267EBD40CA5E50A36CD3BD9 /* Frameworks */,
			);
			sourceTree = "<group>";
		};
		13B273B426E4B9FA00F7BBB2 /* Products */ = {
			isa = PBXGroup;
			children = (
				13B273B326E4B9FA00F7BBB2 /* Marley Spoon.app */,
				13B273C926E4B9FC00F7BBB2 /* Marley SpoonTests.xctest */,
				13B273D426E4B9FD00F7BBB2 /* Marley SpoonUITests.xctest */,
			);
			name = Products;
			sourceTree = "<group>";
		};
		13B273B526E4B9FA00F7BBB2 /* Marley Spoon */ = {
			isa = PBXGroup;
			children = (
				13B273F126E4DDBB00F7BBB2 /* View */,
				13B273EA26E4C05100F7BBB2 /* Model */,
				13B273E726E4BC1400F7BBB2 /* Helpers */,
				13B273B626E4B9FA00F7BBB2 /* AppDelegate.swift */,
				13B273B826E4B9FA00F7BBB2 /* SceneDelegate.swift */,
				13B273BA26E4B9FA00F7BBB2 /* ViewController.swift */,
				13B273BC26E4B9FA00F7BBB2 /* Main.storyboard */,
				13B273BF26E4B9FC00F7BBB2 /* Assets.xcassets */,
				13B273C126E4B9FC00F7BBB2 /* LaunchScreen.storyboard */,
				13B273C426E4B9FC00F7BBB2 /* Info.plist */,
			);
			path = "Marley Spoon";
			sourceTree = "<group>";
		};
		13B273CC26E4B9FC00F7BBB2 /* Marley SpoonTests */ = {
			isa = PBXGroup;
			children = (
				13B273CD26E4B9FC00F7BBB2 /* Marley_SpoonTests.swift */,
				13B273CF26E4B9FC00F7BBB2 /* Info.plist */,
			);
			path = "Marley SpoonTests";
			sourceTree = "<group>";
		};
		13B273D726E4B9FD00F7BBB2 /* Marley SpoonUITests */ = {
			isa = PBXGroup;
			children = (
				13B273D826E4B9FD00F7BBB2 /* Marley_SpoonUITests.swift */,
				13B273DA26E4B9FD00F7BBB2 /* Info.plist */,
			);
			path = "Marley SpoonUITests";
			sourceTree = "<group>";
		};
		13B273E726E4BC1400F7BBB2 /* Helpers */ = {
			isa = PBXGroup;
			children = (
				13B273E826E4BC3700F7BBB2 /* Service.swift */,
			);
			path = Helpers;
			sourceTree = "<group>";
		};
		13B273EA26E4C05100F7BBB2 /* Model */ = {
			isa = PBXGroup;
			children = (
				13B273EB26E4C05B00F7BBB2 /* Chef.swift */,
				13B273ED26E4C0AA00F7BBB2 /* Recipe.swift */,
				13B273EF26E4C0D800F7BBB2 /* Tag.swift */,
			);
			path = Model;
			sourceTree = "<group>";
		};
		13B273F126E4DDBB00F7BBB2 /* View */ = {
			isa = PBXGroup;
			children = (
			);
			path = View;
			sourceTree = "<group>";
		};
		4F30BB8412B54762D7AF181B /* Pods */ = {
			isa = PBXGroup;
			children = (
				3F51721F29D486E48E4AD2E6 /* Pods-Marley Spoon.debug.xcconfig */,
				553358D1AE00EDF2CBD60764 /* Pods-Marley Spoon.release.xcconfig */,
			);
			path = Pods;
			sourceTree = "<group>";
		};
/* End PBXGroup section */

/* Begin PBXNativeTarget section */
		13B273B226E4B9FA00F7BBB2 /* Marley Spoon */ = {
			isa = PBXNativeTarget;
			buildConfigurationList = 13B273DD26E4B9FD00F7BBB2 /* Build configuration list for PBXNativeTarget "Marley Spoon" */;
			buildPhases = (
				A952328414B82986730762CF /* [CP] Check Pods Manifest.lock */,
				13B273E626E4BA6300F7BBB2 /* ShellScript */,
				13B273AF26E4B9FA00F7BBB2 /* Sources */,
				13B273B026E4B9FA00F7BBB2 /* Frameworks */,
				13B273B126E4B9FA00F7BBB2 /* Resources */,
				23730523E92D90E264F1DBB8 /* [CP] Embed Pods Frameworks */,
			);
			buildRules = (
			);
			dependencies = (
			);
			name = "Marley Spoon";
			productName = "Marley Spoon";
			productReference = 13B273B326E4B9FA00F7BBB2 /* Marley Spoon.app */;
			productType = "com.apple.product-type.application";
		};
		13B273C826E4B9FC00F7BBB2 /* Marley SpoonTests */ = {
			isa = PBXNativeTarget;
			buildConfigurationList = 13B273E026E4B9FD00F7BBB2 /* Build configuration list for PBXNativeTarget "Marley SpoonTests" */;
			buildPhases = (
				13B273C526E4B9FC00F7BBB2 /* Sources */,
				13B273C626E4B9FC00F7BBB2 /* Frameworks */,
				13B273C726E4B9FC00F7BBB2 /* Resources */,
			);
			buildRules = (
			);
			dependencies = (
				13B273CB26E4B9FC00F7BBB2 /* PBXTargetDependency */,
			);
			name = "Marley SpoonTests";
			productName = "Marley SpoonTests";
			productReference = 13B273C926E4B9FC00F7BBB2 /* Marley SpoonTests.xctest */;
			productType = "com.apple.product-type.bundle.unit-test";
		};
		13B273D326E4B9FD00F7BBB2 /* Marley SpoonUITests */ = {
			isa = PBXNativeTarget;
			buildConfigurationList = 13B273E326E4B9FD00F7BBB2 /* Build configuration list for PBXNativeTarget "Marley SpoonUITests" */;
			buildPhases = (
				13B273D026E4B9FD00F7BBB2 /* Sources */,
				13B273D126E4B9FD00F7BBB2 /* Frameworks */,
				13B273D226E4B9FD00F7BBB2 /* Resources */,
			);
			buildRules = (
			);
			dependencies = (
				13B273D626E4B9FD00F7BBB2 /* PBXTargetDependency */,
			);
			name = "Marley SpoonUITests";
			productName = "Marley SpoonUITests";
			productReference = 13B273D426E4B9FD00F7BBB2 /* Marley SpoonUITests.xctest */;
			productType = "com.apple.product-type.bundle.ui-testing";
		};
/* End PBXNativeTarget section */

/* Begin PBXProject section */
		13B273AB26E4B9FA00F7BBB2 /* Project object */ = {
			isa = PBXProject;
			attributes = {
				LastSwiftUpdateCheck = 1250;
				LastUpgradeCheck = 1250;
				TargetAttributes = {
					13B273B226E4B9FA00F7BBB2 = {
						CreatedOnToolsVersion = 12.5.1;
					};
					13B273C826E4B9FC00F7BBB2 = {
						CreatedOnToolsVersion = 12.5.1;
						TestTargetID = 13B273B226E4B9FA00F7BBB2;
					};
					13B273D326E4B9FD00F7BBB2 = {
						CreatedOnToolsVersion = 12.5.1;
						TestTargetID = 13B273B226E4B9FA00F7BBB2;
					};
				};
			};
			buildConfigurationList = 13B273AE26E4B9FA00F7BBB2 /* Build configuration list for PBXProject "Marley Spoon" */;
			compatibilityVersion = "Xcode 9.3";
			developmentRegion = en;
			hasScannedForEncodings = 0;
			knownRegions = (
				en,
				Base,
			);
			mainGroup = 13B273AA26E4B9FA00F7BBB2;
			productRefGroup = 13B273B426E4B9FA00F7BBB2 /* Products */;
			projectDirPath = "";
			projectRoot = "";
			targets = (
				13B273B226E4B9FA00F7BBB2 /* Marley Spoon */,
				13B273C826E4B9FC00F7BBB2 /* Marley SpoonTests */,
				13B273D326E4B9FD00F7BBB2 /* Marley SpoonUITests */,
			);
		};
/* End PBXProject section */

/* Begin PBXResourcesBuildPhase section */
		13B273B126E4B9FA00F7BBB2 /* Resources */ = {
			isa = PBXResourcesBuildPhase;
			buildActionMask = 2147483647;
			files = (
				13B273C326E4B9FC00F7BBB2 /* LaunchScreen.storyboard in Resources */,
				13B273C026E4B9FC00F7BBB2 /* Assets.xcassets in Resources */,
				13B273BE26E4B9FA00F7BBB2 /* Main.storyboard in Resources */,
			);
			runOnlyForDeploymentPostprocessing = 0;
		};
		13B273C726E4B9FC00F7BBB2 /* Resources */ = {
			isa = PBXResourcesBuildPhase;
			buildActionMask = 2147483647;
			files = (
			);
			runOnlyForDeploymentPostprocessing = 0;
		};
		13B273D226E4B9FD00F7BBB2 /* Resources */ = {
			isa = PBXResourcesBuildPhase;
			buildActionMask = 2147483647;
			files = (
			);
			runOnlyForDeploymentPostprocessing = 0;
		};
/* End PBXResourcesBuildPhase section */

/* Begin PBXShellScriptBuildPhase section */
		13B273E626E4BA6300F7BBB2 /* ShellScript */ = {
			isa = PBXShellScriptBuildPhase;
			buildActionMask = 2147483647;
			files = (
			);
			inputFileListPaths = (
			);
			inputPaths = (
			);
			outputFileListPaths = (
			);
			outputPaths = (
			);
			runOnlyForDeploymentPostprocessing = 0;
			shellPath = /bin/sh;
			shellScript = "if which swiftlint >/dev/null; then\n  swiftlint --fix\nelse\n  echo \"warning: SwiftLint not installed, download from https://github.com/realm/SwiftLint\"\nfi\n";
		};
		23730523E92D90E264F1DBB8 /* [CP] Embed Pods Frameworks */ = {
			isa = PBXShellScriptBuildPhase;
			buildActionMask = 2147483647;
			files = (
			);
			inputFileListPaths = (
				"${PODS_ROOT}/Target Support Files/Pods-Marley Spoon/Pods-Marley Spoon-frameworks-${CONFIGURATION}-input-files.xcfilelist",
			);
			name = "[CP] Embed Pods Frameworks";
			outputFileListPaths = (
				"${PODS_ROOT}/Target Support Files/Pods-Marley Spoon/Pods-Marley Spoon-frameworks-${CONFIGURATION}-output-files.xcfilelist",
			);
			runOnlyForDeploymentPostprocessing = 0;
			shellPath = /bin/sh;
			shellScript = "\"${PODS_ROOT}/Target Support Files/Pods-Marley Spoon/Pods-Marley Spoon-frameworks.sh\"\n";
			showEnvVarsInLog = 0;
		};
		A952328414B82986730762CF /* [CP] Check Pods Manifest.lock */ = {
			isa = PBXShellScriptBuildPhase;
			buildActionMask = 2147483647;
			files = (
			);
			inputFileListPaths = (
			);
			inputPaths = (
				"${PODS_PODFILE_DIR_PATH}/Podfile.lock",
				"${PODS_ROOT}/Manifest.lock",
			);
			name = "[CP] Check Pods Manifest.lock";
			outputFileListPaths = (
			);
			outputPaths = (
				"$(DERIVED_FILE_DIR)/Pods-Marley Spoon-checkManifestLockResult.txt",
			);
			runOnlyForDeploymentPostprocessing = 0;
			shellPath = /bin/sh;
			shellScript = "diff \"${PODS_PODFILE_DIR_PATH}/Podfile.lock\" \"${PODS_ROOT}/Manifest.lock\" > /dev/null\nif [ $? != 0 ] ; then\n    # print error to STDERR\n    echo \"error: The sandbox is not in sync with the Podfile.lock. Run 'pod install' or update your CocoaPods installation.\" >&2\n    exit 1\nfi\n# This output is used by Xcode 'outputs' to avoid re-running this script phase.\necho \"SUCCESS\" > \"${SCRIPT_OUTPUT_FILE_0}\"\n";
			showEnvVarsInLog = 0;
		};
/* End PBXShellScriptBuildPhase section */

/* Begin PBXSourcesBuildPhase section */
		13B273AF26E4B9FA00F7BBB2 /* Sources */ = {
			isa = PBXSourcesBuildPhase;
			buildActionMask = 2147483647;
			files = (
				13B273BB26E4B9FA00F7BBB2 /* ViewController.swift in Sources */,
				13B273E926E4BC3700F7BBB2 /* Service.swift in Sources */,
				13B273B726E4B9FA00F7BBB2 /* AppDelegate.swift in Sources */,
				13B273F026E4C0D800F7BBB2 /* Tag.swift in Sources */,
				13B273EE26E4C0AA00F7BBB2 /* Recipe.swift in Sources */,
				13B273EC26E4C05B00F7BBB2 /* Chef.swift in Sources */,
				13B273B926E4B9FA00F7BBB2 /* SceneDelegate.swift in Sources */,
			);
			runOnlyForDeploymentPostprocessing = 0;
		};
		13B273C526E4B9FC00F7BBB2 /* Sources */ = {
			isa = PBXSourcesBuildPhase;
			buildActionMask = 2147483647;
			files = (
				13B273CE26E4B9FC00F7BBB2 /* Marley_SpoonTests.swift in Sources */,
			);
			runOnlyForDeploymentPostprocessing = 0;
		};
		13B273D026E4B9FD00F7BBB2 /* Sources */ = {
			isa = PBXSourcesBuildPhase;
			buildActionMask = 2147483647;
			files = (
				13B273D926E4B9FD00F7BBB2 /* Marley_SpoonUITests.swift in Sources */,
			);
			runOnlyForDeploymentPostprocessing = 0;
		};
/* End PBXSourcesBuildPhase section */

/* Begin PBXTargetDependency section */
		13B273CB26E4B9FC00F7BBB2 /* PBXTargetDependency */ = {
			isa = PBXTargetDependency;
			target = 13B273B226E4B9FA00F7BBB2 /* Marley Spoon */;
			targetProxy = 13B273CA26E4B9FC00F7BBB2 /* PBXContainerItemProxy */;
		};
		13B273D626E4B9FD00F7BBB2 /* PBXTargetDependency */ = {
			isa = PBXTargetDependency;
			target = 13B273B226E4B9FA00F7BBB2 /* Marley Spoon */;
			targetProxy = 13B273D526E4B9FD00F7BBB2 /* PBXContainerItemProxy */;
		};
/* End PBXTargetDependency section */

/* Begin PBXVariantGroup section */
		13B273BC26E4B9FA00F7BBB2 /* Main.storyboard */ = {
			isa = PBXVariantGroup;
			children = (
				13B273BD26E4B9FA00F7BBB2 /* Base */,
			);
			name = Main.storyboard;
			sourceTree = "<group>";
		};
		13B273C126E4B9FC00F7BBB2 /* LaunchScreen.storyboard */ = {
			isa = PBXVariantGroup;
			children = (
				13B273C226E4B9FC00F7BBB2 /* Base */,
			);
			name = LaunchScreen.storyboard;
			sourceTree = "<group>";
		};
/* End PBXVariantGroup section */

/* Begin XCBuildConfiguration section */
		13B273DB26E4B9FD00F7BBB2 /* Debug */ = {
			isa = XCBuildConfiguration;
			buildSettings = {
				ALWAYS_SEARCH_USER_PATHS = NO;
				CLANG_ANALYZER_NONNULL = YES;
				CLANG_ANALYZER_NUMBER_OBJECT_CONVERSION = YES_AGGRESSIVE;
				CLANG_CXX_LANGUAGE_STANDARD = "gnu++14";
				CLANG_CXX_LIBRARY = "libc++";
				CLANG_ENABLE_MODULES = YES;
				CLANG_ENABLE_OBJC_ARC = YES;
				CLANG_ENABLE_OBJC_WEAK = YES;
				CLANG_WARN_BLOCK_CAPTURE_AUTORELEASING = YES;
				CLANG_WARN_BOOL_CONVERSION = YES;
				CLANG_WARN_COMMA = YES;
				CLANG_WARN_CONSTANT_CONVERSION = YES;
				CLANG_WARN_DEPRECATED_OBJC_IMPLEMENTATIONS = YES;
				CLANG_WARN_DIRECT_OBJC_ISA_USAGE = YES_ERROR;
				CLANG_WARN_DOCUMENTATION_COMMENTS = YES;
				CLANG_WARN_EMPTY_BODY = YES;
				CLANG_WARN_ENUM_CONVERSION = YES;
				CLANG_WARN_INFINITE_RECURSION = YES;
				CLANG_WARN_INT_CONVERSION = YES;
				CLANG_WARN_NON_LITERAL_NULL_CONVERSION = YES;
				CLANG_WARN_OBJC_IMPLICIT_RETAIN_SELF = YES;
				CLANG_WARN_OBJC_LITERAL_CONVERSION = YES;
				CLANG_WARN_OBJC_ROOT_CLASS = YES_ERROR;
				CLANG_WARN_QUOTED_INCLUDE_IN_FRAMEWORK_HEADER = YES;
				CLANG_WARN_RANGE_LOOP_ANALYSIS = YES;
				CLANG_WARN_STRICT_PROTOTYPES = YES;
				CLANG_WARN_SUSPICIOUS_MOVE = YES;
				CLANG_WARN_UNGUARDED_AVAILABILITY = YES_AGGRESSIVE;
				CLANG_WARN_UNREACHABLE_CODE = YES;
				CLANG_WARN__DUPLICATE_METHOD_MATCH = YES;
				COPY_PHASE_STRIP = NO;
				DEBUG_INFORMATION_FORMAT = dwarf;
				ENABLE_STRICT_OBJC_MSGSEND = YES;
				ENABLE_TESTABILITY = YES;
				GCC_C_LANGUAGE_STANDARD = gnu11;
				GCC_DYNAMIC_NO_PIC = NO;
				GCC_NO_COMMON_BLOCKS = YES;
				GCC_OPTIMIZATION_LEVEL = 0;
				GCC_PREPROCESSOR_DEFINITIONS = (
					"DEBUG=1",
					"$(inherited)",
				);
				GCC_WARN_64_TO_32_BIT_CONVERSION = YES;
				GCC_WARN_ABOUT_RETURN_TYPE = YES_ERROR;
				GCC_WARN_UNDECLARED_SELECTOR = YES;
				GCC_WARN_UNINITIALIZED_AUTOS = YES_AGGRESSIVE;
				GCC_WARN_UNUSED_FUNCTION = YES;
				GCC_WARN_UNUSED_VARIABLE = YES;
				IPHONEOS_DEPLOYMENT_TARGET = 14.5;
				MTL_ENABLE_DEBUG_INFO = INCLUDE_SOURCE;
				MTL_FAST_MATH = YES;
				ONLY_ACTIVE_ARCH = YES;
				SDKROOT = iphoneos;
				SWIFT_ACTIVE_COMPILATION_CONDITIONS = DEBUG;
				SWIFT_OPTIMIZATION_LEVEL = "-Onone";
			};
			name = Debug;
		};
		13B273DC26E4B9FD00F7BBB2 /* Release */ = {
			isa = XCBuildConfiguration;
			buildSettings = {
				ALWAYS_SEARCH_USER_PATHS = NO;
				CLANG_ANALYZER_NONNULL = YES;
				CLANG_ANALYZER_NUMBER_OBJECT_CONVERSION = YES_AGGRESSIVE;
				CLANG_CXX_LANGUAGE_STANDARD = "gnu++14";
				CLANG_CXX_LIBRARY = "libc++";
				CLANG_ENABLE_MODULES = YES;
				CLANG_ENABLE_OBJC_ARC = YES;
				CLANG_ENABLE_OBJC_WEAK = YES;
				CLANG_WARN_BLOCK_CAPTURE_AUTORELEASING = YES;
				CLANG_WARN_BOOL_CONVERSION = YES;
				CLANG_WARN_COMMA = YES;
				CLANG_WARN_CONSTANT_CONVERSION = YES;
				CLANG_WARN_DEPRECATED_OBJC_IMPLEMENTATIONS = YES;
				CLANG_WARN_DIRECT_OBJC_ISA_USAGE = YES_ERROR;
				CLANG_WARN_DOCUMENTATION_COMMENTS = YES;
				CLANG_WARN_EMPTY_BODY = YES;
				CLANG_WARN_ENUM_CONVERSION = YES;
				CLANG_WARN_INFINITE_RECURSION = YES;
				CLANG_WARN_INT_CONVERSION = YES;
				CLANG_WARN_NON_LITERAL_NULL_CONVERSION = YES;
				CLANG_WARN_OBJC_IMPLICIT_RETAIN_SELF = YES;
				CLANG_WARN_OBJC_LITERAL_CONVERSION = YES;
				CLANG_WARN_OBJC_ROOT_CLASS = YES_ERROR;
				CLANG_WARN_QUOTED_INCLUDE_IN_FRAMEWORK_HEADER = YES;
				CLANG_WARN_RANGE_LOOP_ANALYSIS = YES;
				CLANG_WARN_STRICT_PROTOTYPES = YES;
				CLANG_WARN_SUSPICIOUS_MOVE = YES;
				CLANG_WARN_UNGUARDED_AVAILABILITY = YES_AGGRESSIVE;
				CLANG_WARN_UNREACHABLE_CODE = YES;
				CLANG_WARN__DUPLICATE_METHOD_MATCH = YES;
				COPY_PHASE_STRIP = NO;
				DEBUG_INFORMATION_FORMAT = "dwarf-with-dsym";
				ENABLE_NS_ASSERTIONS = NO;
				ENABLE_STRICT_OBJC_MSGSEND = YES;
				GCC_C_LANGUAGE_STANDARD = gnu11;
				GCC_NO_COMMON_BLOCKS = YES;
				GCC_WARN_64_TO_32_BIT_CONVERSION = YES;
				GCC_WARN_ABOUT_RETURN_TYPE = YES_ERROR;
				GCC_WARN_UNDECLARED_SELECTOR = YES;
				GCC_WARN_UNINITIALIZED_AUTOS = YES_AGGRESSIVE;
				GCC_WARN_UNUSED_FUNCTION = YES;
				GCC_WARN_UNUSED_VARIABLE = YES;
				IPHONEOS_DEPLOYMENT_TARGET = 14.5;
				MTL_ENABLE_DEBUG_INFO = NO;
				MTL_FAST_MATH = YES;
				SDKROOT = iphoneos;
				SWIFT_COMPILATION_MODE = wholemodule;
				SWIFT_OPTIMIZATION_LEVEL = "-O";
				VALIDATE_PRODUCT = YES;
			};
			name = Release;
		};
		13B273DE26E4B9FD00F7BBB2 /* Debug */ = {
			isa = XCBuildConfiguration;
			baseConfigurationReference = 3F51721F29D486E48E4AD2E6 /* Pods-Marley Spoon.debug.xcconfig */;
			buildSettings = {
				ASSETCATALOG_COMPILER_APPICON_NAME = AppIcon;
				ASSETCATALOG_COMPILER_GLOBAL_ACCENT_COLOR_NAME = AccentColor;
				CODE_SIGN_STYLE = Automatic;
				DEVELOPMENT_TEAM = DJQ677PUJJ;
				INFOPLIST_FILE = "Marley Spoon/Info.plist";
				LD_RUNPATH_SEARCH_PATHS = (
					"$(inherited)",
					"@executable_path/Frameworks",
				);
				PRODUCT_BUNDLE_IDENTIFIER = "com.marleyspoons.assignment.Marley-Spoon";
				PRODUCT_NAME = "$(TARGET_NAME)";
				SWIFT_VERSION = 5.0;
				TARGETED_DEVICE_FAMILY = "1,2";
			};
			name = Debug;
		};
		13B273DF26E4B9FD00F7BBB2 /* Release */ = {
			isa = XCBuildConfiguration;
			baseConfigurationReference = 553358D1AE00EDF2CBD60764 /* Pods-Marley Spoon.release.xcconfig */;
			buildSettings = {
				ASSETCATALOG_COMPILER_APPICON_NAME = AppIcon;
				ASSETCATALOG_COMPILER_GLOBAL_ACCENT_COLOR_NAME = AccentColor;
				CODE_SIGN_STYLE = Automatic;
				DEVELOPMENT_TEAM = DJQ677PUJJ;
				INFOPLIST_FILE = "Marley Spoon/Info.plist";
				LD_RUNPATH_SEARCH_PATHS = (
					"$(inherited)",
					"@executable_path/Frameworks",
				);
				PRODUCT_BUNDLE_IDENTIFIER = "com.marleyspoons.assignment.Marley-Spoon";
				PRODUCT_NAME = "$(TARGET_NAME)";
				SWIFT_VERSION = 5.0;
				TARGETED_DEVICE_FAMILY = "1,2";
			};
			name = Release;
		};
		13B273E126E4B9FD00F7BBB2 /* Debug */ = {
			isa = XCBuildConfiguration;
			buildSettings = {
				ALWAYS_EMBED_SWIFT_STANDARD_LIBRARIES = YES;
				BUNDLE_LOADER = "$(TEST_HOST)";
				CODE_SIGN_STYLE = Automatic;
				DEVELOPMENT_TEAM = DJQ677PUJJ;
				INFOPLIST_FILE = "Marley SpoonTests/Info.plist";
				IPHONEOS_DEPLOYMENT_TARGET = 14.5;
				LD_RUNPATH_SEARCH_PATHS = (
					"$(inherited)",
					"@executable_path/Frameworks",
					"@loader_path/Frameworks",
				);
				PRODUCT_BUNDLE_IDENTIFIER = "com.marleyspoons.assignment.Marley-SpoonTests";
				PRODUCT_NAME = "$(TARGET_NAME)";
				SWIFT_VERSION = 5.0;
				TARGETED_DEVICE_FAMILY = "1,2";
				TEST_HOST = "$(BUILT_PRODUCTS_DIR)/Marley Spoon.app/Marley Spoon";
			};
			name = Debug;
		};
		13B273E226E4B9FD00F7BBB2 /* Release */ = {
			isa = XCBuildConfiguration;
			buildSettings = {
				ALWAYS_EMBED_SWIFT_STANDARD_LIBRARIES = YES;
				BUNDLE_LOADER = "$(TEST_HOST)";
				CODE_SIGN_STYLE = Automatic;
				DEVELOPMENT_TEAM = DJQ677PUJJ;
				INFOPLIST_FILE = "Marley SpoonTests/Info.plist";
				IPHONEOS_DEPLOYMENT_TARGET = 14.5;
				LD_RUNPATH_SEARCH_PATHS = (
					"$(inherited)",
					"@executable_path/Frameworks",
					"@loader_path/Frameworks",
				);
				PRODUCT_BUNDLE_IDENTIFIER = "com.marleyspoons.assignment.Marley-SpoonTests";
				PRODUCT_NAME = "$(TARGET_NAME)";
				SWIFT_VERSION = 5.0;
				TARGETED_DEVICE_FAMILY = "1,2";
				TEST_HOST = "$(BUILT_PRODUCTS_DIR)/Marley Spoon.app/Marley Spoon";
			};
			name = Release;
		};
		13B273E426E4B9FD00F7BBB2 /* Debug */ = {
			isa = XCBuildConfiguration;
			buildSettings = {
				ALWAYS_EMBED_SWIFT_STANDARD_LIBRARIES = YES;
				CODE_SIGN_STYLE = Automatic;
				DEVELOPMENT_TEAM = DJQ677PUJJ;
				INFOPLIST_FILE = "Marley SpoonUITests/Info.plist";
				LD_RUNPATH_SEARCH_PATHS = (
					"$(inherited)",
					"@executable_path/Frameworks",
					"@loader_path/Frameworks",
				);
				PRODUCT_BUNDLE_IDENTIFIER = "com.marleyspoons.assignment.Marley-SpoonUITests";
				PRODUCT_NAME = "$(TARGET_NAME)";
				SWIFT_VERSION = 5.0;
				TARGETED_DEVICE_FAMILY = "1,2";
				TEST_TARGET_NAME = "Marley Spoon";
			};
			name = Debug;
		};
		13B273E526E4B9FD00F7BBB2 /* Release */ = {
			isa = XCBuildConfiguration;
			buildSettings = {
				ALWAYS_EMBED_SWIFT_STANDARD_LIBRARIES = YES;
				CODE_SIGN_STYLE = Automatic;
				DEVELOPMENT_TEAM = DJQ677PUJJ;
				INFOPLIST_FILE = "Marley SpoonUITests/Info.plist";
				LD_RUNPATH_SEARCH_PATHS = (
					"$(inherited)",
					"@executable_path/Frameworks",
					"@loader_path/Frameworks",
				);
				PRODUCT_BUNDLE_IDENTIFIER = "com.marleyspoons.assignment.Marley-SpoonUITests";
				PRODUCT_NAME = "$(TARGET_NAME)";
				SWIFT_VERSION = 5.0;
				TARGETED_DEVICE_FAMILY = "1,2";
				TEST_TARGET_NAME = "Marley Spoon";
			};
			name = Release;
		};
/* End XCBuildConfiguration section */

/* Begin XCConfigurationList section */
		13B273AE26E4B9FA00F7BBB2 /* Build configuration list for PBXProject "Marley Spoon" */ = {
			isa = XCConfigurationList;
			buildConfigurations = (
				13B273DB26E4B9FD00F7BBB2 /* Debug */,
				13B273DC26E4B9FD00F7BBB2 /* Release */,
			);
			defaultConfigurationIsVisible = 0;
			defaultConfigurationName = Release;
		};
		13B273DD26E4B9FD00F7BBB2 /* Build configuration list for PBXNativeTarget "Marley Spoon" */ = {
			isa = XCConfigurationList;
			buildConfigurations = (
				13B273DE26E4B9FD00F7BBB2 /* Debug */,
				13B273DF26E4B9FD00F7BBB2 /* Release */,
			);
			defaultConfigurationIsVisible = 0;
			defaultConfigurationName = Release;
		};
		13B273E026E4B9FD00F7BBB2 /* Build configuration list for PBXNativeTarget "Marley SpoonTests" */ = {
			isa = XCConfigurationList;
			buildConfigurations = (
				13B273E126E4B9FD00F7BBB2 /* Debug */,
				13B273E226E4B9FD00F7BBB2 /* Release */,
			);
			defaultConfigurationIsVisible = 0;
			defaultConfigurationName = Release;
		};
		13B273E326E4B9FD00F7BBB2 /* Build configuration list for PBXNativeTarget "Marley SpoonUITests" */ = {
			isa = XCConfigurationList;
			buildConfigurations = (
				13B273E426E4B9FD00F7BBB2 /* Debug */,
				13B273E526E4B9FD00F7BBB2 /* Release */,
			);
			defaultConfigurationIsVisible = 0;
			defaultConfigurationName = Release;
		};
/* End XCConfigurationList section */
	};
	rootObject = 13B273AB26E4B9FA00F7BBB2 /* Project object */;
}
